// !$*UTF8*$!
{
	archiveVersion = 1;
	classes = {
	};
	objectVersion = 56;
	objects = {

/* Begin PBXBuildFile section */
		9C91125C2CCAAA28002FDF2A /* ParkLens_AIApp.swift in Sources */ = {isa = PBXBuildFile; fileRef = 9C91125B2CCAAA28002FDF2A /* ParkLens_AIApp.swift */; };
		9C91125E2CCAAA28002FDF2A /* ContentView.swift in Sources */ = {isa = PBXBuildFile; fileRef = 9C91125D2CCAAA28002FDF2A /* ContentView.swift */; };
		9C9112602CCAAA2A002FDF2A /* Assets.xcassets in Resources */ = {isa = PBXBuildFile; fileRef = 9C91125F2CCAAA2A002FDF2A /* Assets.xcassets */; };
		9C9112632CCAAA2A002FDF2A /* Preview Assets.xcassets in Resources */ = {isa = PBXBuildFile; fileRef = 9C9112622CCAAA2A002FDF2A /* Preview Assets.xcassets */; };
		9C91126D2CCAAA2A002FDF2A /* ParkLens_AITests.swift in Sources */ = {isa = PBXBuildFile; fileRef = 9C91126C2CCAAA2A002FDF2A /* ParkLens_AITests.swift */; };
		9C9112772CCAAA2A002FDF2A /* ParkLens_AIUITests.swift in Sources */ = {isa = PBXBuildFile; fileRef = 9C9112762CCAAA2A002FDF2A /* ParkLens_AIUITests.swift */; };
		9C9112792CCAAA2A002FDF2A /* ParkLens_AIUITestsLaunchTests.swift in Sources */ = {isa = PBXBuildFile; fileRef = 9C9112782CCAAA2A002FDF2A /* ParkLens_AIUITestsLaunchTests.swift */; };
/* End PBXBuildFile section */

/* Begin PBXContainerItemProxy section */
		9C9112692CCAAA2A002FDF2A /* PBXContainerItemProxy */ = {
			isa = PBXContainerItemProxy;
			containerPortal = 9C9112502CCAAA28002FDF2A /* Project object */;
			proxyType = 1;
			remoteGlobalIDString = 9C9112572CCAAA28002FDF2A;
			remoteInfo = "ParkLens-AI";
		};
		9C9112732CCAAA2A002FDF2A /* PBXContainerItemProxy */ = {
			isa = PBXContainerItemProxy;
			containerPortal = 9C9112502CCAAA28002FDF2A /* Project object */;
			proxyType = 1;
			remoteGlobalIDString = 9C9112572CCAAA28002FDF2A;
			remoteInfo = "ParkLens-AI";
		};
/* End PBXContainerItemProxy section */

/* Begin PBXFileReference section */
		9C9112582CCAAA28002FDF2A /* ParkLens-AI.app */ = {isa = PBXFileReference; explicitFileType = wrapper.application; includeInIndex = 0; path = "ParkLens-AI.app"; sourceTree = BUILT_PRODUCTS_DIR; };
		9C91125B2CCAAA28002FDF2A /* ParkLens_AIApp.swift */ = {isa = PBXFileReference; lastKnownFileType = sourcecode.swift; path = ParkLens_AIApp.swift; sourceTree = "<group>"; };
		9C91125D2CCAAA28002FDF2A /* ContentView.swift */ = {isa = PBXFileReference; lastKnownFileType = sourcecode.swift; path = ContentView.swift; sourceTree = "<group>"; };
		9C91125F2CCAAA2A002FDF2A /* Assets.xcassets */ = {isa = PBXFileReference; lastKnownFileType = folder.assetcatalog; path = Assets.xcassets; sourceTree = "<group>"; };
		9C9112622CCAAA2A002FDF2A /* Preview Assets.xcassets */ = {isa = PBXFileReference; lastKnownFileType = folder.assetcatalog; path = "Preview Assets.xcassets"; sourceTree = "<group>"; };
		9C9112682CCAAA2A002FDF2A /* ParkLens-AITests.xctest */ = {isa = PBXFileReference; explicitFileType = wrapper.cfbundle; includeInIndex = 0; path = "ParkLens-AITests.xctest"; sourceTree = BUILT_PRODUCTS_DIR; };
		9C91126C2CCAAA2A002FDF2A /* ParkLens_AITests.swift */ = {isa = PBXFileReference; lastKnownFileType = sourcecode.swift; path = ParkLens_AITests.swift; sourceTree = "<group>"; };
		9C9112722CCAAA2A002FDF2A /* ParkLens-AIUITests.xctest */ = {isa = PBXFileReference; explicitFileType = wrapper.cfbundle; includeInIndex = 0; path = "ParkLens-AIUITests.xctest"; sourceTree = BUILT_PRODUCTS_DIR; };
		9C9112762CCAAA2A002FDF2A /* ParkLens_AIUITests.swift */ = {isa = PBXFileReference; lastKnownFileType = sourcecode.swift; path = ParkLens_AIUITests.swift; sourceTree = "<group>"; };
		9C9112782CCAAA2A002FDF2A /* ParkLens_AIUITestsLaunchTests.swift */ = {isa = PBXFileReference; lastKnownFileType = sourcecode.swift; path = ParkLens_AIUITestsLaunchTests.swift; sourceTree = "<group>"; };
/* End PBXFileReference section */

/* Begin PBXFrameworksBuildPhase section */
		9C9112552CCAAA28002FDF2A /* Frameworks */ = {
			isa = PBXFrameworksBuildPhase;
			buildActionMask = 2147483647;
			files = (
			);
			runOnlyForDeploymentPostprocessing = 0;
		};
		9C9112652CCAAA2A002FDF2A /* Frameworks */ = {
			isa = PBXFrameworksBuildPhase;
			buildActionMask = 2147483647;
			files = (
			);
			runOnlyForDeploymentPostprocessing = 0;
		};
		9C91126F2CCAAA2A002FDF2A /* Frameworks */ = {
			isa = PBXFrameworksBuildPhase;
			buildActionMask = 2147483647;
			files = (
			);
			runOnlyForDeploymentPostprocessing = 0;
		};
/* End PBXFrameworksBuildPhase section */

/* Begin PBXGroup section */
		9C91124F2CCAAA28002FDF2A = {
			isa = PBXGroup;
			children = (
				9C91125A2CCAAA28002FDF2A /* ParkLens-AI */,
				9C91126B2CCAAA2A002FDF2A /* ParkLens-AITests */,
				9C9112752CCAAA2A002FDF2A /* ParkLens-AIUITests */,
				9C9112592CCAAA28002FDF2A /* Products */,
			);
			sourceTree = "<group>";
		};
		9C9112592CCAAA28002FDF2A /* Products */ = {
			isa = PBXGroup;
			children = (
				9C9112582CCAAA28002FDF2A /* ParkLens-AI.app */,
				9C9112682CCAAA2A002FDF2A /* ParkLens-AITests.xctest */,
				9C9112722CCAAA2A002FDF2A /* ParkLens-AIUITests.xctest */,
			);
			name = Products;
			sourceTree = "<group>";
		};
		9C91125A2CCAAA28002FDF2A /* ParkLens-AI */ = {
			isa = PBXGroup;
			children = (
				9C91125B2CCAAA28002FDF2A /* ParkLens_AIApp.swift */,
				9C91125D2CCAAA28002FDF2A /* ContentView.swift */,
				9C91125F2CCAAA2A002FDF2A /* Assets.xcassets */,
				9C9112612CCAAA2A002FDF2A /* Preview Content */,
			);
			path = "ParkLens-AI";
			sourceTree = "<group>";
		};
		9C9112612CCAAA2A002FDF2A /* Preview Content */ = {
			isa = PBXGroup;
			children = (
				9C9112622CCAAA2A002FDF2A /* Preview Assets.xcassets */,
			);
			path = "Preview Content";
			sourceTree = "<group>";
		};
		9C91126B2CCAAA2A002FDF2A /* ParkLens-AITests */ = {
			isa = PBXGroup;
			children = (
				9C91126C2CCAAA2A002FDF2A /* ParkLens_AITests.swift */,
			);
			path = "ParkLens-AITests";
			sourceTree = "<group>";
		};
		9C9112752CCAAA2A002FDF2A /* ParkLens-AIUITests */ = {
			isa = PBXGroup;
			children = (
				9C9112762CCAAA2A002FDF2A /* ParkLens_AIUITests.swift */,
				9C9112782CCAAA2A002FDF2A /* ParkLens_AIUITestsLaunchTests.swift */,
			);
			path = "ParkLens-AIUITests";
			sourceTree = "<group>";
		};
/* End PBXGroup section */

/* Begin PBXNativeTarget section */
		9C9112572CCAAA28002FDF2A /* ParkLens-AI */ = {
			isa = PBXNativeTarget;
			buildConfigurationList = 9C91127C2CCAAA2A002FDF2A /* Build configuration list for PBXNativeTarget "ParkLens-AI" */;
			buildPhases = (
				9C9112542CCAAA28002FDF2A /* Sources */,
				9C9112552CCAAA28002FDF2A /* Frameworks */,
				9C9112562CCAAA28002FDF2A /* Resources */,
			);
			buildRules = (
			);
			dependencies = (
			);
			name = "ParkLens-AI";
			productName = "ParkLens-AI";
			productReference = 9C9112582CCAAA28002FDF2A /* ParkLens-AI.app */;
			productType = "com.apple.product-type.application";
		};
		9C9112672CCAAA2A002FDF2A /* ParkLens-AITests */ = {
			isa = PBXNativeTarget;
			buildConfigurationList = 9C91127F2CCAAA2A002FDF2A /* Build configuration list for PBXNativeTarget "ParkLens-AITests" */;
			buildPhases = (
				9C9112642CCAAA2A002FDF2A /* Sources */,
				9C9112652CCAAA2A002FDF2A /* Frameworks */,
				9C9112662CCAAA2A002FDF2A /* Resources */,
			);
			buildRules = (
			);
			dependencies = (
				9C91126A2CCAAA2A002FDF2A /* PBXTargetDependency */,
			);
			name = "ParkLens-AITests";
			productName = "ParkLens-AITests";
			productReference = 9C9112682CCAAA2A002FDF2A /* ParkLens-AITests.xctest */;
			productType = "com.apple.product-type.bundle.unit-test";
		};
		9C9112712CCAAA2A002FDF2A /* ParkLens-AIUITests */ = {
			isa = PBXNativeTarget;
			buildConfigurationList = 9C9112822CCAAA2A002FDF2A /* Build configuration list for PBXNativeTarget "ParkLens-AIUITests" */;
			buildPhases = (
				9C91126E2CCAAA2A002FDF2A /* Sources */,
				9C91126F2CCAAA2A002FDF2A /* Frameworks */,
				9C9112702CCAAA2A002FDF2A /* Resources */,
			);
			buildRules = (
			);
			dependencies = (
				9C9112742CCAAA2A002FDF2A /* PBXTargetDependency */,
			);
			name = "ParkLens-AIUITests";
			productName = "ParkLens-AIUITests";
			productReference = 9C9112722CCAAA2A002FDF2A /* ParkLens-AIUITests.xctest */;
			productType = "com.apple.product-type.bundle.ui-testing";
		};
/* End PBXNativeTarget section */

/* Begin PBXProject section */
		9C9112502CCAAA28002FDF2A /* Project object */ = {
			isa = PBXProject;
			attributes = {
				BuildIndependentTargetsInParallel = 1;
				LastSwiftUpdateCheck = 1520;
				LastUpgradeCheck = 1520;
				TargetAttributes = {
					9C9112572CCAAA28002FDF2A = {
						CreatedOnToolsVersion = 15.2;
					};
					9C9112672CCAAA2A002FDF2A = {
						CreatedOnToolsVersion = 15.2;
						TestTargetID = 9C9112572CCAAA28002FDF2A;
					};
					9C9112712CCAAA2A002FDF2A = {
						CreatedOnToolsVersion = 15.2;
						TestTargetID = 9C9112572CCAAA28002FDF2A;
					};
				};
			};
			buildConfigurationList = 9C9112532CCAAA28002FDF2A /* Build configuration list for PBXProject "ParkLens-AI" */;
			compatibilityVersion = "Xcode 14.0";
			developmentRegion = en;
			hasScannedForEncodings = 0;
			knownRegions = (
				en,
				Base,
			);
			mainGroup = 9C91124F2CCAAA28002FDF2A;
			productRefGroup = 9C9112592CCAAA28002FDF2A /* Products */;
			projectDirPath = "";
			projectRoot = "";
			targets = (
				9C9112572CCAAA28002FDF2A /* ParkLens-AI */,
				9C9112672CCAAA2A002FDF2A /* ParkLens-AITests */,
				9C9112712CCAAA2A002FDF2A /* ParkLens-AIUITests */,
			);
		};
/* End PBXProject section */

/* Begin PBXResourcesBuildPhase section */
		9C9112562CCAAA28002FDF2A /* Resources */ = {
			isa = PBXResourcesBuildPhase;
			buildActionMask = 2147483647;
			files = (
				9C9112632CCAAA2A002FDF2A /* Preview Assets.xcassets in Resources */,
				9C9112602CCAAA2A002FDF2A /* Assets.xcassets in Resources */,
			);
			runOnlyForDeploymentPostprocessing = 0;
		};
		9C9112662CCAAA2A002FDF2A /* Resources */ = {
			isa = PBXResourcesBuildPhase;
			buildActionMask = 2147483647;
			files = (
			);
			runOnlyForDeploymentPostprocessing = 0;
		};
		9C9112702CCAAA2A002FDF2A /* Resources */ = {
			isa = PBXResourcesBuildPhase;
			buildActionMask = 2147483647;
			files = (
			);
			runOnlyForDeploymentPostprocessing = 0;
		};
/* End PBXResourcesBuildPhase section */

/* Begin PBXSourcesBuildPhase section */
		9C9112542CCAAA28002FDF2A /* Sources */ = {
			isa = PBXSourcesBuildPhase;
			buildActionMask = 2147483647;
			files = (
				9C91125E2CCAAA28002FDF2A /* ContentView.swift in Sources */,
				9C91125C2CCAAA28002FDF2A /* ParkLens_AIApp.swift in Sources */,
			);
			runOnlyForDeploymentPostprocessing = 0;
		};
		9C9112642CCAAA2A002FDF2A /* Sources */ = {
			isa = PBXSourcesBuildPhase;
			buildActionMask = 2147483647;
			files = (
				9C91126D2CCAAA2A002FDF2A /* ParkLens_AITests.swift in Sources */,
			);
			runOnlyForDeploymentPostprocessing = 0;
		};
		9C91126E2CCAAA2A002FDF2A /* Sources */ = {
			isa = PBXSourcesBuildPhase;
			buildActionMask = 2147483647;
			files = (
				9C9112792CCAAA2A002FDF2A /* ParkLens_AIUITestsLaunchTests.swift in Sources */,
				9C9112772CCAAA2A002FDF2A /* ParkLens_AIUITests.swift in Sources */,
			);
			runOnlyForDeploymentPostprocessing = 0;
		};
/* End PBXSourcesBuildPhase section */

/* Begin PBXTargetDependency section */
		9C91126A2CCAAA2A002FDF2A /* PBXTargetDependency */ = {
			isa = PBXTargetDependency;
			target = 9C9112572CCAAA28002FDF2A /* ParkLens-AI */;
			targetProxy = 9C9112692CCAAA2A002FDF2A /* PBXContainerItemProxy */;
		};
		9C9112742CCAAA2A002FDF2A /* PBXTargetDependency */ = {
			isa = PBXTargetDependency;
			target = 9C9112572CCAAA28002FDF2A /* ParkLens-AI */;
			targetProxy = 9C9112732CCAAA2A002FDF2A /* PBXContainerItemProxy */;
		};
/* End PBXTargetDependency section */

/* Begin XCBuildConfiguration section */
		9C91127A2CCAAA2A002FDF2A /* Debug */ = {
			isa = XCBuildConfiguration;
			buildSettings = {
				ALWAYS_SEARCH_USER_PATHS = NO;
				ASSETCATALOG_COMPILER_GENERATE_SWIFT_ASSET_SYMBOL_EXTENSIONS = YES;
				CLANG_ANALYZER_NONNULL = YES;
				CLANG_ANALYZER_NUMBER_OBJECT_CONVERSION = YES_AGGRESSIVE;
				CLANG_CXX_LANGUAGE_STANDARD = "gnu++20";
				CLANG_ENABLE_MODULES = YES;
				CLANG_ENABLE_OBJC_ARC = YES;
				CLANG_ENABLE_OBJC_WEAK = YES;
				CLANG_WARN_BLOCK_CAPTURE_AUTORELEASING = YES;
				CLANG_WARN_BOOL_CONVERSION = YES;
				CLANG_WARN_COMMA = YES;
				CLANG_WARN_CONSTANT_CONVERSION = YES;
				CLANG_WARN_DEPRECATED_OBJC_IMPLEMENTATIONS = YES;
				CLANG_WARN_DIRECT_OBJC_ISA_USAGE = YES_ERROR;
				CLANG_WARN_DOCUMENTATION_COMMENTS = YES;
				CLANG_WARN_EMPTY_BODY = YES;
				CLANG_WARN_ENUM_CONVERSION = YES;
				CLANG_WARN_INFINITE_RECURSION = YES;
				CLANG_WARN_INT_CONVERSION = YES;
				CLANG_WARN_NON_LITERAL_NULL_CONVERSION = YES;
				CLANG_WARN_OBJC_IMPLICIT_RETAIN_SELF = YES;
				CLANG_WARN_OBJC_LITERAL_CONVERSION = YES;
				CLANG_WARN_OBJC_ROOT_CLASS = YES_ERROR;
				CLANG_WARN_QUOTED_INCLUDE_IN_FRAMEWORK_HEADER = YES;
				CLANG_WARN_RANGE_LOOP_ANALYSIS = YES;
				CLANG_WARN_STRICT_PROTOTYPES = YES;
				CLANG_WARN_SUSPICIOUS_MOVE = YES;
				CLANG_WARN_UNGUARDED_AVAILABILITY = YES_AGGRESSIVE;
				CLANG_WARN_UNREACHABLE_CODE = YES;
				CLANG_WARN__DUPLICATE_METHOD_MATCH = YES;
				COPY_PHASE_STRIP = NO;
				DEBUG_INFORMATION_FORMAT = dwarf;
				ENABLE_STRICT_OBJC_MSGSEND = YES;
				ENABLE_TESTABILITY = YES;
				ENABLE_USER_SCRIPT_SANDBOXING = YES;
				GCC_C_LANGUAGE_STANDARD = gnu17;
				GCC_DYNAMIC_NO_PIC = NO;
				GCC_NO_COMMON_BLOCKS = YES;
				GCC_OPTIMIZATION_LEVEL = 0;
				GCC_PREPROCESSOR_DEFINITIONS = (
					"DEBUG=1",
					"$(inherited)",
				);
				GCC_WARN_64_TO_32_BIT_CONVERSION = YES;
				GCC_WARN_ABOUT_RETURN_TYPE = YES_ERROR;
				GCC_WARN_UNDECLARED_SELECTOR = YES;
				GCC_WARN_UNINITIALIZED_AUTOS = YES_AGGRESSIVE;
				GCC_WARN_UNUSED_FUNCTION = YES;
				GCC_WARN_UNUSED_VARIABLE = YES;
				IPHONEOS_DEPLOYMENT_TARGET = 17.2;
				LOCALIZATION_PREFERS_STRING_CATALOGS = YES;
				MTL_ENABLE_DEBUG_INFO = INCLUDE_SOURCE;
				MTL_FAST_MATH = YES;
				ONLY_ACTIVE_ARCH = YES;
				SDKROOT = iphoneos;
				SWIFT_ACTIVE_COMPILATION_CONDITIONS = "DEBUG $(inherited)";
				SWIFT_OPTIMIZATION_LEVEL = "-Onone";
			};
			name = Debug;
		};
		9C91127B2CCAAA2A002FDF2A /* Release */ = {
			isa = XCBuildConfiguration;
			buildSettings = {
				ALWAYS_SEARCH_USER_PATHS = NO;
				ASSETCATALOG_COMPILER_GENERATE_SWIFT_ASSET_SYMBOL_EXTENSIONS = YES;
				CLANG_ANALYZER_NONNULL = YES;
				CLANG_ANALYZER_NUMBER_OBJECT_CONVERSION = YES_AGGRESSIVE;
				CLANG_CXX_LANGUAGE_STANDARD = "gnu++20";
				CLANG_ENABLE_MODULES = YES;
				CLANG_ENABLE_OBJC_ARC = YES;
				CLANG_ENABLE_OBJC_WEAK = YES;
				CLANG_WARN_BLOCK_CAPTURE_AUTORELEASING = YES;
				CLANG_WARN_BOOL_CONVERSION = YES;
				CLANG_WARN_COMMA = YES;
				CLANG_WARN_CONSTANT_CONVERSION = YES;
				CLANG_WARN_DEPRECATED_OBJC_IMPLEMENTATIONS = YES;
				CLANG_WARN_DIRECT_OBJC_ISA_USAGE = YES_ERROR;
				CLANG_WARN_DOCUMENTATION_COMMENTS = YES;
				CLANG_WARN_EMPTY_BODY = YES;
				CLANG_WARN_ENUM_CONVERSION = YES;
				CLANG_WARN_INFINITE_RECURSION = YES;
				CLANG_WARN_INT_CONVERSION = YES;
				CLANG_WARN_NON_LITERAL_NULL_CONVERSION = YES;
				CLANG_WARN_OBJC_IMPLICIT_RETAIN_SELF = YES;
				CLANG_WARN_OBJC_LITERAL_CONVERSION = YES;
				CLANG_WARN_OBJC_ROOT_CLASS = YES_ERROR;
				CLANG_WARN_QUOTED_INCLUDE_IN_FRAMEWORK_HEADER = YES;
				CLANG_WARN_RANGE_LOOP_ANALYSIS = YES;
				CLANG_WARN_STRICT_PROTOTYPES = YES;
				CLANG_WARN_SUSPICIOUS_MOVE = YES;
				CLANG_WARN_UNGUARDED_AVAILABILITY = YES_AGGRESSIVE;
				CLANG_WARN_UNREACHABLE_CODE = YES;
				CLANG_WARN__DUPLICATE_METHOD_MATCH = YES;
				COPY_PHASE_STRIP = NO;
				DEBUG_INFORMATION_FORMAT = "dwarf-with-dsym";
				ENABLE_NS_ASSERTIONS = NO;
				ENABLE_STRICT_OBJC_MSGSEND = YES;
				ENABLE_USER_SCRIPT_SANDBOXING = YES;
				GCC_C_LANGUAGE_STANDARD = gnu17;
				GCC_NO_COMMON_BLOCKS = YES;
				GCC_WARN_64_TO_32_BIT_CONVERSION = YES;
				GCC_WARN_ABOUT_RETURN_TYPE = YES_ERROR;
				GCC_WARN_UNDECLARED_SELECTOR = YES;
				GCC_WARN_UNINITIALIZED_AUTOS = YES_AGGRESSIVE;
				GCC_WARN_UNUSED_FUNCTION = YES;
				GCC_WARN_UNUSED_VARIABLE = YES;
				IPHONEOS_DEPLOYMENT_TARGET = 17.2;
				LOCALIZATION_PREFERS_STRING_CATALOGS = YES;
				MTL_ENABLE_DEBUG_INFO = NO;
				MTL_FAST_MATH = YES;
				SDKROOT = iphoneos;
				SWIFT_COMPILATION_MODE = wholemodule;
				VALIDATE_PRODUCT = YES;
			};
			name = Release;
		};
		9C91127D2CCAAA2A002FDF2A /* Debug */ = {
			isa = XCBuildConfiguration;
			buildSettings = {
				ASSETCATALOG_COMPILER_APPICON_NAME = AppIcon;
				ASSETCATALOG_COMPILER_GLOBAL_ACCENT_COLOR_NAME = AccentColor;
				CODE_SIGN_STYLE = Automatic;
				CURRENT_PROJECT_VERSION = 1;
				DEVELOPMENT_ASSET_PATHS = "\"ParkLens-AI/Preview Content\"";
				ENABLE_PREVIEWS = YES;
				GENERATE_INFOPLIST_FILE = YES;
				INFOPLIST_KEY_UIApplicationSceneManifest_Generation = YES;
				INFOPLIST_KEY_UIApplicationSupportsIndirectInputEvents = YES;
				INFOPLIST_KEY_UILaunchScreen_Generation = YES;
				INFOPLIST_KEY_UISupportedInterfaceOrientations_iPad = "UIInterfaceOrientationPortrait UIInterfaceOrientationPortraitUpsideDown UIInterfaceOrientationLandscapeLeft UIInterfaceOrientationLandscapeRight";
				INFOPLIST_KEY_UISupportedInterfaceOrientations_iPhone = "UIInterfaceOrientationPortrait UIInterfaceOrientationLandscapeLeft UIInterfaceOrientationLandscapeRight";
				LD_RUNPATH_SEARCH_PATHS = (
					"$(inherited)",
					"@executable_path/Frameworks",
				);
				MARKETING_VERSION = 1.0;
				PRODUCT_BUNDLE_IDENTIFIER = "Opinionated-Goats.ParkLens-AI";
				PRODUCT_NAME = "$(TARGET_NAME)";
				SWIFT_EMIT_LOC_STRINGS = YES;
				SWIFT_VERSION = 5.0;
				TARGETED_DEVICE_FAMILY = "1,2";
			};
			name = Debug;
		};
		9C91127E2CCAAA2A002FDF2A /* Release */ = {
			isa = XCBuildConfiguration;
			buildSettings = {
				ASSETCATALOG_COMPILER_APPICON_NAME = AppIcon;
				ASSETCATALOG_COMPILER_GLOBAL_ACCENT_COLOR_NAME = AccentColor;
				CODE_SIGN_STYLE = Automatic;
				CURRENT_PROJECT_VERSION = 1;
				DEVELOPMENT_ASSET_PATHS = "\"ParkLens-AI/Preview Content\"";
				ENABLE_PREVIEWS = YES;
				GENERATE_INFOPLIST_FILE = YES;
				INFOPLIST_KEY_UIApplicationSceneManifest_Generation = YES;
				INFOPLIST_KEY_UIApplicationSupportsIndirectInputEvents = YES;
				INFOPLIST_KEY_UILaunchScreen_Generation = YES;
				INFOPLIST_KEY_UISupportedInterfaceOrientations_iPad = "UIInterfaceOrientationPortrait UIInterfaceOrientationPortraitUpsideDown UIInterfaceOrientationLandscapeLeft UIInterfaceOrientationLandscapeRight";
				INFOPLIST_KEY_UISupportedInterfaceOrientations_iPhone = "UIInterfaceOrientationPortrait UIInterfaceOrientationLandscapeLeft UIInterfaceOrientationLandscapeRight";
				LD_RUNPATH_SEARCH_PATHS = (
					"$(inherited)",
					"@executable_path/Frameworks",
				);
				MARKETING_VERSION = 1.0;
				PRODUCT_BUNDLE_IDENTIFIER = "Opinionated-Goats.ParkLens-AI";
				PRODUCT_NAME = "$(TARGET_NAME)";
				SWIFT_EMIT_LOC_STRINGS = YES;
				SWIFT_VERSION = 5.0;
				TARGETED_DEVICE_FAMILY = "1,2";
			};
			name = Release;
		};
		9C9112802CCAAA2A002FDF2A /* Debug */ = {
			isa = XCBuildConfiguration;
			buildSettings = {
				ALWAYS_EMBED_SWIFT_STANDARD_LIBRARIES = YES;
				BUNDLE_LOADER = "$(TEST_HOST)";
				CODE_SIGN_STYLE = Automatic;
				CURRENT_PROJECT_VERSION = 1;
				GENERATE_INFOPLIST_FILE = YES;
				IPHONEOS_DEPLOYMENT_TARGET = 17.2;
				MARKETING_VERSION = 1.0;
				PRODUCT_BUNDLE_IDENTIFIER = "Opinionated-Goats.ParkLens-AITests";
				PRODUCT_NAME = "$(TARGET_NAME)";
				SWIFT_EMIT_LOC_STRINGS = NO;
				SWIFT_VERSION = 5.0;
				TARGETED_DEVICE_FAMILY = "1,2";
				TEST_HOST = "$(BUILT_PRODUCTS_DIR)/ParkLens-AI.app/$(BUNDLE_EXECUTABLE_FOLDER_PATH)/ParkLens-AI";
			};
			name = Debug;
		};
		9C9112812CCAAA2A002FDF2A /* Release */ = {
			isa = XCBuildConfiguration;
			buildSettings = {
				ALWAYS_EMBED_SWIFT_STANDARD_LIBRARIES = YES;
				BUNDLE_LOADER = "$(TEST_HOST)";
				CODE_SIGN_STYLE = Automatic;
				CURRENT_PROJECT_VERSION = 1;
				GENERATE_INFOPLIST_FILE = YES;
				IPHONEOS_DEPLOYMENT_TARGET = 17.2;
				MARKETING_VERSION = 1.0;
				PRODUCT_BUNDLE_IDENTIFIER = "Opinionated-Goats.ParkLens-AITests";
				PRODUCT_NAME = "$(TARGET_NAME)";
				SWIFT_EMIT_LOC_STRINGS = NO;
				SWIFT_VERSION = 5.0;
				TARGETED_DEVICE_FAMILY = "1,2";
				TEST_HOST = "$(BUILT_PRODUCTS_DIR)/ParkLens-AI.app/$(BUNDLE_EXECUTABLE_FOLDER_PATH)/ParkLens-AI";
			};
			name = Release;
		};
		9C9112832CCAAA2A002FDF2A /* Debug */ = {
			isa = XCBuildConfiguration;
			buildSettings = {
				ALWAYS_EMBED_SWIFT_STANDARD_LIBRARIES = YES;
				CODE_SIGN_STYLE = Automatic;
				CURRENT_PROJECT_VERSION = 1;
				GENERATE_INFOPLIST_FILE = YES;
				MARKETING_VERSION = 1.0;
				PRODUCT_BUNDLE_IDENTIFIER = "Opinionated-Goats.ParkLens-AIUITests";
				PRODUCT_NAME = "$(TARGET_NAME)";
				SWIFT_EMIT_LOC_STRINGS = NO;
				SWIFT_VERSION = 5.0;
				TARGETED_DEVICE_FAMILY = "1,2";
				TEST_TARGET_NAME = "ParkLens-AI";
			};
			name = Debug;
		};
		9C9112842CCAAA2A002FDF2A /* Release */ = {
			isa = XCBuildConfiguration;
			buildSettings = {
				ALWAYS_EMBED_SWIFT_STANDARD_LIBRARIES = YES;
				CODE_SIGN_STYLE = Automatic;
				CURRENT_PROJECT_VERSION = 1;
				GENERATE_INFOPLIST_FILE = YES;
				MARKETING_VERSION = 1.0;
				PRODUCT_BUNDLE_IDENTIFIER = "Opinionated-Goats.ParkLens-AIUITests";
				PRODUCT_NAME = "$(TARGET_NAME)";
				SWIFT_EMIT_LOC_STRINGS = NO;
				SWIFT_VERSION = 5.0;
				TARGETED_DEVICE_FAMILY = "1,2";
				TEST_TARGET_NAME = "ParkLens-AI";
			};
			name = Release;
		};
/* End XCBuildConfiguration section */

/* Begin XCConfigurationList section */
		9C9112532CCAAA28002FDF2A /* Build configuration list for PBXProject "ParkLens-AI" */ = {
			isa = XCConfigurationList;
			buildConfigurations = (
				9C91127A2CCAAA2A002FDF2A /* Debug */,
				9C91127B2CCAAA2A002FDF2A /* Release */,
			);
			defaultConfigurationIsVisible = 0;
			defaultConfigurationName = Release;
		};
		9C91127C2CCAAA2A002FDF2A /* Build configuration list for PBXNativeTarget "ParkLens-AI" */ = {
			isa = XCConfigurationList;
			buildConfigurations = (
				9C91127D2CCAAA2A002FDF2A /* Debug */,
				9C91127E2CCAAA2A002FDF2A /* Release */,
			);
			defaultConfigurationIsVisible = 0;
			defaultConfigurationName = Release;
		};
		9C91127F2CCAAA2A002FDF2A /* Build configuration list for PBXNativeTarget "ParkLens-AITests" */ = {
			isa = XCConfigurationList;
			buildConfigurations = (
				9C9112802CCAAA2A002FDF2A /* Debug */,
				9C9112812CCAAA2A002FDF2A /* Release */,
			);
			defaultConfigurationIsVisible = 0;
			defaultConfigurationName = Release;
		};
		9C9112822CCAAA2A002FDF2A /* Build configuration list for PBXNativeTarget "ParkLens-AIUITests" */ = {
			isa = XCConfigurationList;
			buildConfigurations = (
				9C9112832CCAAA2A002FDF2A /* Debug */,
				9C9112842CCAAA2A002FDF2A /* Release */,
			);
			defaultConfigurationIsVisible = 0;
			defaultConfigurationName = Release;
		};
/* End XCConfigurationList section */
	};
	rootObject = 9C9112502CCAAA28002FDF2A /* Project object */;
}
